{
  "version": 4,
  "terraform_version": "1.15.8",
  "serial": 8,
  "lineage": "2a8520e5-833e-8581-61ea-153dbf0a1c30",
  "outputs": {
    "cloudflared_ingress": {
      "value": [
        {
          "hostname": "api6.zeaz.dev",
          "service": "http://phase6-api:8080"
        },
        {
          "hostname": "z.zeaz.dev",
          "service": "http://caddy:80"
        },
        {
          "service": "http_status:404"
        }
      ],
      "type": [
        "tuple",
        [
          [
            "object",
            {
              "hostname": "string",
              "service": "string"
            }
          ],
          [
            "object",
            {
              "hostname": "string",
              "service": "string"
            }
          ],
          [
            "object",
            {
              "service": "string"
            }
          ]
        ]
      ]
    },
    "dns_records": {
      "value": {
        "phase6": {
          "content": "45667e7e-7383-4265-b53e-6a9e770a8554.cfargotunnel.com",
          "hostname": "api6.zeaz.dev",
          "proxied": true
        },
        "z_platform": {
          "content": "45667e7e-7383-4265-b53e-6a9e770a8554.cfargotunnel.com",
          "hostname": "z.zeaz.dev",
          "proxied": true
        }
      },
      "type": [
        "object",
        {
          "phase6": [
            "object",
            {
              "content": "string",
              "hostname": "string",
              "proxied": "bool"
            }
          ],
          "z_platform": [
            "object",
            {
              "content": "string",
              "hostname": "string",
              "proxied": "bool"
            }
          ]
        }
      ]
    },
    "phase6_urls": {
      "value": {
        "AI_FAILOVER_URL": "https://api6.zeaz.dev/ai/failover",
        "AI_STREAMING_URL": "https://api6.zeaz.dev/ai/stream",
        "AI_UPLOAD_URL": "https://api6.zeaz.dev/ai/upload",
        "ALERT_DELIVERY_STATUS_URL": "https://api6.zeaz.dev/alerts/status",
        "ALERT_TEST_URL": "https://api6.zeaz.dev/alerts/test",
        "OBS_DASHBOARD_URL": "https://api6.zeaz.dev/grafana/",
        "OBS_TRACES_URL": "https://api6.zeaz.dev/jaeger/",
        "SESSION_PROVIDER_URL": "https://api6.zeaz.dev/session/health"
      },
      "type": [
        "object",
        {
          "AI_FAILOVER_URL": "string",
          "AI_STREAMING_URL": "string",
          "AI_UPLOAD_URL": "string",
          "ALERT_DELIVERY_STATUS_URL": "string",
          "ALERT_TEST_URL": "string",
          "OBS_DASHBOARD_URL": "string",
          "OBS_TRACES_URL": "string",
          "SESSION_PROVIDER_URL": "string"
        }
      ]
    }
  },
  "resources": [
    {
      "mode": "managed",
      "type": "cloudflare_dns_record",
      "name": "app_routes",
      "provider": "provider[\"registry.terraform.io/cloudflare/cloudflare\"]",
      "instances": [
        {
          "index_key": "phase6",
          "schema_version": 500,
          "attributes": {
            "comment": "z-platform phase6 via Cloudflare Tunnel",
            "comment_modified_on": "2026-07-15T03:23:31Z",
            "content": "45667e7e-7383-4265-b53e-6a9e770a8554.cfargotunnel.com",
            "created_on": "2026-07-15T03:23:31Z",
            "data": null,
            "id": "d272e96e8405bb4ebee020beadbb49c1",
            "meta": "{}",
            "modified_on": "2026-07-15T03:23:31Z",
            "name": "api6.zeaz.dev",
            "priority": null,
            "private_routing": null,
            "proxiable": true,
            "proxied": true,
            "settings": {
              "flatten_cname": false,
              "ipv4_only": false,
              "ipv6_only": false
            },
            "tags": [],
            "tags_modified_on": null,
            "ttl": 1,
            "type": "CNAME",
            "zone_id": "92d9bfd6cbe3c327519d520e56268cba"
          },
          "sensitive_attributes": [],
          "identity_schema_version": 0
        },
        {
          "index_key": "z_platform",
          "schema_version": 500,
          "attributes": {
            "comment": "z-platform z_platform via Cloudflare Tunnel",
            "comment_modified_on": "2026-07-15T03:23:31Z",
            "content": "45667e7e-7383-4265-b53e-6a9e770a8554.cfargotunnel.com",
            "created_on": "2026-07-15T03:23:31Z",
            "data": null,
            "id": "5f2bae8280b689d4f6f4f1fee075aade",
            "meta": "{}",
            "modified_on": "2026-07-15T03:23:31Z",
            "name": "z.zeaz.dev",
            "priority": null,
            "private_routing": null,
            "proxiable": true,
            "proxied": true,
            "settings": {
              "flatten_cname": false,
              "ipv4_only": false,
              "ipv6_only": false
            },
            "tags": [],
            "tags_modified_on": null,
            "ttl": 1,
            "type": "CNAME",
            "zone_id": "92d9bfd6cbe3c327519d520e56268cba"
          },
          "sensitive_attributes": [],
          "identity_schema_version": 0
        }
      ]
    },
    {
      "mode": "managed",
      "type": "terraform_data",
      "name": "route_contract",
      "provider": "provider[\"terraform.io/builtin/terraform\"]",
      "instances": [
        {
          "index_key": "phase6",
          "schema_version": 0,
          "attributes": {
            "id": "77046cc2-3221-4803-ee7c-f2444b3f5a7c",
            "input": {
              "value": {
                "access_enabled": false,
                "hostname": "api6.zeaz.dev",
                "service": "http://phase6-api:8080"
              },
              "type": [
                "object",
                {
                  "access_enabled": "bool",
                  "hostname": "string",
                  "service": "string"
                }
              ]
            },
            "output": {
              "value": {
                "access_enabled": false,
                "hostname": "api6.zeaz.dev",
                "service": "http://phase6-api:8080"
              },
              "type": [
                "object",
                {
                  "access_enabled": "bool",
                  "hostname": "string",
                  "service": "string"
                }
              ]
            },
            "triggers_replace": null
          },
          "sensitive_attributes": [],
          "identity_schema_version": 0
        },
        {
          "index_key": "z_platform",
          "schema_version": 0,
          "attributes": {
            "id": "e23b6e09-4d2e-90f0-9962-9c90e6bf84ea",
            "input": {
              "value": {
                "access_enabled": false,
                "hostname": "z.zeaz.dev",
                "service": "http://caddy:80"
              },
              "type": [
                "object",
                {
                  "access_enabled": "bool",
                  "hostname": "string",
                  "service": "string"
                }
              ]
            },
            "output": {
              "value": {
                "access_enabled": false,
                "hostname": "z.zeaz.dev",
                "service": "http://caddy:80"
              },
              "type": [
                "object",
                {
                  "access_enabled": "bool",
                  "hostname": "string",
                  "service": "string"
                }
              ]
            },
            "triggers_replace": null
          },
          "sensitive_attributes": [],
          "identity_schema_version": 0
        }
      ]
    }
  ],
  "check_results": [
    {
      "object_kind": "var",
      "config_addr": "var.app_routes",
      "status": "pass",
      "objects": [
        {
          "object_addr": "var.app_routes",
          "status": "pass"
        }
      ]
    },
    {
      "object_kind": "var",
      "config_addr": "var.cloudflare_api_token",
      "status": "pass",
      "objects": [
        {
          "object_addr": "var.cloudflare_api_token",
          "status": "pass"
        }
      ]
    },
    {
      "object_kind": "var",
      "config_addr": "var.cloudflare_account_id",
      "status": "pass",
      "objects": [
        {
          "object_addr": "var.cloudflare_account_id",
          "status": "pass"
        }
      ]
    },
    {
      "object_kind": "var",
      "config_addr": "var.cloudflare_zone_id",
      "status": "pass",
      "objects": [
        {
          "object_addr": "var.cloudflare_zone_id",
          "status": "pass"
        }
      ]
    },
    {
      "object_kind": "resource",
      "config_addr": "terraform_data.route_contract",
      "status": "pass",
      "objects": [
        {
          "object_addr": "terraform_data.route_contract[\"z_platform\"]",
          "status": "pass"
        },
        {
          "object_addr": "terraform_data.route_contract[\"phase6\"]",
          "status": "pass"
        }
      ]
    },
    {
      "object_kind": "var",
      "config_addr": "var.cloudflare_tunnel_id",
      "status": "pass",
      "objects": [
        {
          "object_addr": "var.cloudflare_tunnel_id",
          "status": "pass"
        }
      ]
    }
  ]
}
